
Microsoft Visual Studio Solution File, Format Version 12.00
# Visual Studio Version 17
VisualStudioVersion = 17.12.35707.178
MinimumVisualStudioVersion = 10.0.40219.1
Project("{FAE04EC0-301F-11D3-BF4B-00C04F79EFBC}") = "OPC Bridge", "BridgeApp\OPC Bridge.csproj", "{CAA79F47-B63D-454F-812A-82218640A254}"
EndProject
Project("{54435603-DBB4-11D2-8724-00A0C9A8B90C}") = "BridgeApp Setup", "BridgeApp Setup\BridgeApp Setup.vdproj", "{57F509FE-CDE8-4D88-B192-FCF49D81FEBD}"
EndProject
Global
	GlobalSection(SolutionConfigurationPlatforms) = preSolution
		Debug|Any CPU = Debug|Any CPU
		Debug|x86 = Debug|x86
		Release|Any CPU = Release|Any CPU
		Release|x86 = Release|x86
	EndGlobalSection
	GlobalSection(ProjectConfigurationPlatforms) = postSolution
		{CAA79F47-B63D-454F-812A-82218640A254}.Debug|Any CPU.ActiveCfg = Debug|Any CPU
		{CAA79F47-B63D-454F-812A-82218640A254}.Debug|Any CPU.Build.0 = Debug|Any CPU
		{CAA79F47-B63D-454F-812A-82218640A254}.Debug|x86.ActiveCfg = Debug|Any CPU
		{CAA79F47-B63D-454F-812A-82218640A254}.Debug|x86.Build.0 = Debug|Any CPU
		{CAA79F47-B63D-454F-812A-82218640A254}.Release|Any CPU.ActiveCfg = Release|Any CPU
		{CAA79F47-B63D-454F-812A-82218640A254}.Release|Any CPU.Build.0 = Release|Any CPU
		{CAA79F47-B63D-454F-812A-82218640A254}.Release|x86.ActiveCfg = Release|x86
		{CAA79F47-B63D-454F-812A-82218640A254}.Release|x86.Build.0 = Release|x86
		{57F509FE-CDE8-4D88-B192-FCF49D81FEBD}.Debug|Any CPU.ActiveCfg = Debug
		{57F509FE-CDE8-4D88-B192-FCF49D81FEBD}.Debug|x86.ActiveCfg = Debug
		{57F509FE-CDE8-4D88-B192-FCF49D81FEBD}.Release|Any CPU.ActiveCfg = Release
		{57F509FE-CDE8-4D88-B192-FCF49D81FEBD}.Release|x86.ActiveCfg = Release
	EndGlobalSection
	GlobalSection(SolutionProperties) = preSolution
		HideSolutionNode = FALSE
	EndGlobalSection
EndGlobal
